
Microsoft Visual Studio Solution File, Format Version 12.00
# Visual Studio 15
VisualStudioVersion = 15.0.28010.2048
MinimumVisualStudioVersion = 10.0.40219.1
Project("{FAE04EC0-301F-11D3-BF4B-00C04F79EFBC}") = "StudentsFromFile", "ConsoleApp6\StudentsFromFile.csproj", "{28E67216-74E4-4EF9-B4E2-9F37E071F5CB}"
EndProject
Global
	GlobalSection(SolutionConfigurationPlatforms) = preSolution
		Debug|Any CPU = Debug|Any CPU
		Release|Any CPU = Release|Any CPU
	EndGlobalSection
	GlobalSection(ProjectConfigurationPlatforms) = postSolution
		{28E67216-74E4-4EF9-B4E2-9F37E071F5CB}.Debug|Any CPU.ActiveCfg = Debug|Any CPU
		{28E67216-74E4-4EF9-B4E2-9F37E071F5CB}.Debug|Any CPU.Build.0 = Debug|Any CPU
		{28E67216-74E4-4EF9-B4E2-9F37E071F5CB}.Release|Any CPU.ActiveCfg = Release|Any CPU
		{28E67216-74E4-4EF9-B4E2-9F37E071F5CB}.Release|Any CPU.Build.0 = Release|Any CPU
	EndGlobalSection
	GlobalSection(SolutionProperties) = preSolution
		HideSolutionNode = FALSE
	EndGlobalSection
	GlobalSection(ExtensibilityGlobals) = postSolution
		SolutionGuid = {7425C638-913A-4623-97E5-5217249F37F4}
	EndGlobalSection
EndGlobal
